
Microsoft Visual Studio Solution File, Format Version 12.00
# Visual Studio 2013
Project("{FAE04EC0-301F-11D3-BF4B-00C04F79EFBC}") = "AnimationGrooming", "AnimationGrooming\AnimationGrooming.csproj", "{9ba09cb1-53d7-46ee-a84b-362d314c19f5}"
EndProject
Global
	GlobalSection(SolutionConfigurationPlatforms) = preSolution
		Debug|Any CPU = Debug|Any CPU
		Debug|ARM = Debug|ARM
		Debug|x64 = Debug|x64
		Debug|x86 = Debug|x86
		Release|Any CPU = Release|Any CPU
		Release|ARM = Release|ARM
		Release|x64 = Release|x64
		Release|x86 = Release|x86
	EndGlobalSection
	GlobalSection(ProjectConfigurationPlatforms) = postSolution
		{9BA09CB1-53D7-46EE-A84B-362D314C19F5}.Debug|Any CPU.ActiveCfg = Debug|Any CPU
		{9BA09CB1-53D7-46EE-A84B-362D314C19F5}.Debug|Any CPU.Build.0 = Debug|Any CPU
		{9BA09CB1-53D7-46EE-A84B-362D314C19F5}.Debug|Any CPU.Deploy.0 = Debug|Any CPU
		{9BA09CB1-53D7-46EE-A84B-362D314C19F5}.Debug|ARM.ActiveCfg = Debug|ARM
		{9BA09CB1-53D7-46EE-A84B-362D314C19F5}.Debug|ARM.Build.0 = Debug|ARM
		{9BA09CB1-53D7-46EE-A84B-362D314C19F5}.Debug|ARM.Deploy.0 = Debug|ARM
		{9BA09CB1-53D7-46EE-A84B-362D314C19F5}.Debug|x64.ActiveCfg = Debug|x64
		{9BA09CB1-53D7-46EE-A84B-362D314C19F5}.Debug|x64.Build.0 = Debug|x64
		{9BA09CB1-53D7-46EE-A84B-362D314C19F5}.Debug|x64.Deploy.0 = Debug|x64
		{9BA09CB1-53D7-46EE-A84B-362D314C19F5}.Debug|x86.ActiveCfg = Debug|x86
		{9BA09CB1-53D7-46EE-A84B-362D314C19F5}.Debug|x86.Build.0 = Debug|x86
		{9BA09CB1-53D7-46EE-A84B-362D314C19F5}.Debug|x86.Deploy.0 = Debug|x86
		{9BA09CB1-53D7-46EE-A84B-362D314C19F5}.Release|Any CPU.ActiveCfg = Release|Any CPU
		{9BA09CB1-53D7-46EE-A84B-362D314C19F5}.Release|Any CPU.Build.0 = Release|Any CPU
		{9BA09CB1-53D7-46EE-A84B-362D314C19F5}.Release|Any CPU.Deploy.0 = Release|Any CPU
		{9BA09CB1-53D7-46EE-A84B-362D314C19F5}.Release|ARM.ActiveCfg = Release|ARM
		{9BA09CB1-53D7-46EE-A84B-362D314C19F5}.Release|ARM.Build.0 = Release|ARM
		{9BA09CB1-53D7-46EE-A84B-362D314C19F5}.Release|ARM.Deploy.0 = Release|ARM
		{9BA09CB1-53D7-46EE-A84B-362D314C19F5}.Release|x64.ActiveCfg = Release|x64
		{9BA09CB1-53D7-46EE-A84B-362D314C19F5}.Release|x64.Build.0 = Release|x64
		{9BA09CB1-53D7-46EE-A84B-362D314C19F5}.Release|x64.Deploy.0 = Release|x64
		{9BA09CB1-53D7-46EE-A84B-362D314C19F5}.Release|x86.ActiveCfg = Release|x86
		{9BA09CB1-53D7-46EE-A84B-362D314C19F5}.Release|x86.Build.0 = Release|x86
		{9BA09CB1-53D7-46EE-A84B-362D314C19F5}.Release|x86.Deploy.0 = Release|x86
	EndGlobalSection
EndGlobal
